// !$*UTF8*$!
{
	archiveVersion = 1;
	classes = {
	};
	objectVersion = 50;
	objects = {

/* Begin PBXBuildFile section */
		04B8E02C258336E700E91FAB /* AppDelegate.swift in Sources */ = {isa = PBXBuildFile; fileRef = 04B8E02B258336E700E91FAB /* AppDelegate.swift */; };
		04B8E02E258336E700E91FAB /* SceneDelegate.swift in Sources */ = {isa = PBXBuildFile; fileRef = 04B8E02D258336E700E91FAB /* SceneDelegate.swift */; };
		04B8E030258336E700E91FAB /* ViewController.swift in Sources */ = {isa = PBXBuildFile; fileRef = 04B8E02F258336E700E91FAB /* ViewController.swift */; };
		04B8E033258336E700E91FAB /* Main.storyboard in Resources */ = {isa = PBXBuildFile; fileRef = 04B8E031258336E700E91FAB /* Main.storyboard */; };
		04B8E035258336EB00E91FAB /* Assets.xcassets in Resources */ = {isa = PBXBuildFile; fileRef = 04B8E034258336EB00E91FAB /* Assets.xcassets */; };
		04B8E038258336EB00E91FAB /* LaunchScreen.storyboard in Resources */ = {isa = PBXBuildFile; fileRef = 04B8E036258336EB00E91FAB /* LaunchScreen.storyboard */; };
		04B8E043258336EB00E91FAB /* FieldValidatorsTests.swift in Sources */ = {isa = PBXBuildFile; fileRef = 04B8E042258336EB00E91FAB /* FieldValidatorsTests.swift */; };
		04B8E04E258336EB00E91FAB /* FieldValidatorsUITests.swift in Sources */ = {isa = PBXBuildFile; fileRef = 04B8E04D258336EB00E91FAB /* FieldValidatorsUITests.swift */; };
/* End PBXBuildFile section */

/* Begin PBXContainerItemProxy section */
		04B8E03F258336EB00E91FAB /* PBXContainerItemProxy */ = {
			isa = PBXContainerItemProxy;
			containerPortal = 04B8E020258336E700E91FAB /* Project object */;
			proxyType = 1;
			remoteGlobalIDString = 04B8E027258336E700E91FAB;
			remoteInfo = FieldValidators;
		};
		04B8E04A258336EB00E91FAB /* PBXContainerItemProxy */ = {
			isa = PBXContainerItemProxy;
			containerPortal = 04B8E020258336E700E91FAB /* Project object */;
			proxyType = 1;
			remoteGlobalIDString = 04B8E027258336E700E91FAB;
			remoteInfo = FieldValidators;
		};
/* End PBXContainerItemProxy section */

/* Begin PBXFileReference section */
		04B8E028258336E700E91FAB /* FieldValidators.app */ = {isa = PBXFileReference; explicitFileType = wrapper.application; includeInIndex = 0; path = FieldValidators.app; sourceTree = BUILT_PRODUCTS_DIR; };
		04B8E02B258336E700E91FAB /* AppDelegate.swift */ = {isa = PBXFileReference; lastKnownFileType = sourcecode.swift; path = AppDelegate.swift; sourceTree = "<group>"; };
		04B8E02D258336E700E91FAB /* SceneDelegate.swift */ = {isa = PBXFileReference; lastKnownFileType = sourcecode.swift; path = SceneDelegate.swift; sourceTree = "<group>"; };
		04B8E02F258336E700E91FAB /* ViewController.swift */ = {isa = PBXFileReference; lastKnownFileType = sourcecode.swift; path = ViewController.swift; sourceTree = "<group>"; };
		04B8E032258336E700E91FAB /* Base */ = {isa = PBXFileReference; lastKnownFileType = file.storyboard; name = Base; path = Base.lproj/Main.storyboard; sourceTree = "<group>"; };
		04B8E034258336EB00E91FAB /* Assets.xcassets */ = {isa = PBXFileReference; lastKnownFileType = folder.assetcatalog; path = Assets.xcassets; sourceTree = "<group>"; };
		04B8E037258336EB00E91FAB /* Base */ = {isa = PBXFileReference; lastKnownFileType = file.storyboard; name = Base; path = Base.lproj/LaunchScreen.storyboard; sourceTree = "<group>"; };
		04B8E039258336EB00E91FAB /* Info.plist */ = {isa = PBXFileReference; lastKnownFileType = text.plist.xml; path = Info.plist; sourceTree = "<group>"; };
		04B8E03E258336EB00E91FAB /* FieldValidatorsTests.xctest */ = {isa = PBXFileReference; explicitFileType = wrapper.cfbundle; includeInIndex = 0; path = FieldValidatorsTests.xctest; sourceTree = BUILT_PRODUCTS_DIR; };
		04B8E042258336EB00E91FAB /* FieldValidatorsTests.swift */ = {isa = PBXFileReference; lastKnownFileType = sourcecode.swift; path = FieldValidatorsTests.swift; sourceTree = "<group>"; };
		04B8E044258336EB00E91FAB /* Info.plist */ = {isa = PBXFileReference; lastKnownFileType = text.plist.xml; path = Info.plist; sourceTree = "<group>"; };
		04B8E049258336EB00E91FAB /* FieldValidatorsUITests.xctest */ = {isa = PBXFileReference; explicitFileType = wrapper.cfbundle; includeInIndex = 0; path = FieldValidatorsUITests.xctest; sourceTree = BUILT_PRODUCTS_DIR; };
		04B8E04D258336EB00E91FAB /* FieldValidatorsUITests.swift */ = {isa = PBXFileReference; lastKnownFileType = sourcecode.swift; path = FieldValidatorsUITests.swift; sourceTree = "<group>"; };
		04B8E04F258336EB00E91FAB /* Info.plist */ = {isa = PBXFileReference; lastKnownFileType = text.plist.xml; path = Info.plist; sourceTree = "<group>"; };
/* End PBXFileReference section */

/* Begin PBXFrameworksBuildPhase section */
		04B8E025258336E700E91FAB /* Frameworks */ = {
			isa = PBXFrameworksBuildPhase;
			buildActionMask = 2147483647;
			files = (
			);
			runOnlyForDeploymentPostprocessing = 0;
		};
		04B8E03B258336EB00E91FAB /* Frameworks */ = {
			isa = PBXFrameworksBuildPhase;
			buildActionMask = 2147483647;
			files = (
			);
			runOnlyForDeploymentPostprocessing = 0;
		};
		04B8E046258336EB00E91FAB /* Frameworks */ = {
			isa = PBXFrameworksBuildPhase;
			buildActionMask = 2147483647;
			files = (
			);
			runOnlyForDeploymentPostprocessing = 0;
		};
/* End PBXFrameworksBuildPhase section */

/* Begin PBXGroup section */
		04B8E01F258336E700E91FAB = {
			isa = PBXGroup;
			children = (
				04B8E02A258336E700E91FAB /* FieldValidators */,
				04B8E041258336EB00E91FAB /* FieldValidatorsTests */,
				04B8E04C258336EB00E91FAB /* FieldValidatorsUITests */,
				04B8E029258336E700E91FAB /* Products */,
			);
			sourceTree = "<group>";
		};
		04B8E029258336E700E91FAB /* Products */ = {
			isa = PBXGroup;
			children = (
				04B8E028258336E700E91FAB /* FieldValidators.app */,
				04B8E03E258336EB00E91FAB /* FieldValidatorsTests.xctest */,
				04B8E049258336EB00E91FAB /* FieldValidatorsUITests.xctest */,
			);
			name = Products;
			sourceTree = "<group>";
		};
		04B8E02A258336E700E91FAB /* FieldValidators */ = {
			isa = PBXGroup;
			children = (
				04B8E02B258336E700E91FAB /* AppDelegate.swift */,
				04B8E02D258336E700E91FAB /* SceneDelegate.swift */,
				04B8E02F258336E700E91FAB /* ViewController.swift */,
				04B8E031258336E700E91FAB /* Main.storyboard */,
				04B8E034258336EB00E91FAB /* Assets.xcassets */,
				04B8E036258336EB00E91FAB /* LaunchScreen.storyboard */,
				04B8E039258336EB00E91FAB /* Info.plist */,
			);
			path = FieldValidators;
			sourceTree = "<group>";
		};
		04B8E041258336EB00E91FAB /* FieldValidatorsTests */ = {
			isa = PBXGroup;
			children = (
				04B8E042258336EB00E91FAB /* FieldValidatorsTests.swift */,
				04B8E044258336EB00E91FAB /* Info.plist */,
			);
			path = FieldValidatorsTests;
			sourceTree = "<group>";
		};
		04B8E04C258336EB00E91FAB /* FieldValidatorsUITests */ = {
			isa = PBXGroup;
			children = (
				04B8E04D258336EB00E91FAB /* FieldValidatorsUITests.swift */,
				04B8E04F258336EB00E91FAB /* Info.plist */,
			);
			path = FieldValidatorsUITests;
			sourceTree = "<group>";
		};
/* End PBXGroup section */

/* Begin PBXNativeTarget section */
		04B8E027258336E700E91FAB /* FieldValidators */ = {
			isa = PBXNativeTarget;
			buildConfigurationList = 04B8E052258336EB00E91FAB /* Build configuration list for PBXNativeTarget "FieldValidators" */;
			buildPhases = (
				04B8E024258336E700E91FAB /* Sources */,
				04B8E025258336E700E91FAB /* Frameworks */,
				04B8E026258336E700E91FAB /* Resources */,
			);
			buildRules = (
			);
			dependencies = (
			);
			name = FieldValidators;
			productName = FieldValidators;
			productReference = 04B8E028258336E700E91FAB /* FieldValidators.app */;
			productType = "com.apple.product-type.application";
		};
		04B8E03D258336EB00E91FAB /* FieldValidatorsTests */ = {
			isa = PBXNativeTarget;
			buildConfigurationList = 04B8E055258336EB00E91FAB /* Build configuration list for PBXNativeTarget "FieldValidatorsTests" */;
			buildPhases = (
				04B8E03A258336EB00E91FAB /* Sources */,
				04B8E03B258336EB00E91FAB /* Frameworks */,
				04B8E03C258336EB00E91FAB /* Resources */,
			);
			buildRules = (
			);
			dependencies = (
				04B8E040258336EB00E91FAB /* PBXTargetDependency */,
			);
			name = FieldValidatorsTests;
			productName = FieldValidatorsTests;
			productReference = 04B8E03E258336EB00E91FAB /* FieldValidatorsTests.xctest */;
			productType = "com.apple.product-type.bundle.unit-test";
		};
		04B8E048258336EB00E91FAB /* FieldValidatorsUITests */ = {
			isa = PBXNativeTarget;
			buildConfigurationList = 04B8E058258336EB00E91FAB /* Build configuration list for PBXNativeTarget "FieldValidatorsUITests" */;
			buildPhases = (
				04B8E045258336EB00E91FAB /* Sources */,
				04B8E046258336EB00E91FAB /* Frameworks */,
				04B8E047258336EB00E91FAB /* Resources */,
			);
			buildRules = (
			);
			dependencies = (
				04B8E04B258336EB00E91FAB /* PBXTargetDependency */,
			);
			name = FieldValidatorsUITests;
			productName = FieldValidatorsUITests;
			productReference = 04B8E049258336EB00E91FAB /* FieldValidatorsUITests.xctest */;
			productType = "com.apple.product-type.bundle.ui-testing";
		};
/* End PBXNativeTarget section */

/* Begin PBXProject section */
		04B8E020258336E700E91FAB /* Project object */ = {
			isa = PBXProject;
			attributes = {
				LastSwiftUpdateCheck = 1220;
				LastUpgradeCheck = 1220;
				TargetAttributes = {
					04B8E027258336E700E91FAB = {
						CreatedOnToolsVersion = 12.2;
					};
					04B8E03D258336EB00E91FAB = {
						CreatedOnToolsVersion = 12.2;
						TestTargetID = 04B8E027258336E700E91FAB;
					};
					04B8E048258336EB00E91FAB = {
						CreatedOnToolsVersion = 12.2;
						TestTargetID = 04B8E027258336E700E91FAB;
					};
				};
			};
			buildConfigurationList = 04B8E023258336E700E91FAB /* Build configuration list for PBXProject "FieldValidators" */;
			compatibilityVersion = "Xcode 9.3";
			developmentRegion = en;
			hasScannedForEncodings = 0;
			knownRegions = (
				en,
				Base,
			);
			mainGroup = 04B8E01F258336E700E91FAB;
			productRefGroup = 04B8E029258336E700E91FAB /* Products */;
			projectDirPath = "";
			projectRoot = "";
			targets = (
				04B8E027258336E700E91FAB /* FieldValidators */,
				04B8E03D258336EB00E91FAB /* FieldValidatorsTests */,
				04B8E048258336EB00E91FAB /* FieldValidatorsUITests */,
			);
		};
/* End PBXProject section */

/* Begin PBXResourcesBuildPhase section */
		04B8E026258336E700E91FAB /* Resources */ = {
			isa = PBXResourcesBuildPhase;
			buildActionMask = 2147483647;
			files = (
				04B8E038258336EB00E91FAB /* LaunchScreen.storyboard in Resources */,
				04B8E035258336EB00E91FAB /* Assets.xcassets in Resources */,
				04B8E033258336E700E91FAB /* Main.storyboard in Resources */,
			);
			runOnlyForDeploymentPostprocessing = 0;
		};
		04B8E03C258336EB00E91FAB /* Resources */ = {
			isa = PBXResourcesBuildPhase;
			buildActionMask = 2147483647;
			files = (
			);
			runOnlyForDeploymentPostprocessing = 0;
		};
		04B8E047258336EB00E91FAB /* Resources */ = {
			isa = PBXResourcesBuildPhase;
			buildActionMask = 2147483647;
			files = (
			);
			runOnlyForDeploymentPostprocessing = 0;
		};
/* End PBXResourcesBuildPhase section */

/* Begin PBXSourcesBuildPhase section */
		04B8E024258336E700E91FAB /* Sources */ = {
			isa = PBXSourcesBuildPhase;
			buildActionMask = 2147483647;
			files = (
				04B8E030258336E700E91FAB /* ViewController.swift in Sources */,
				04B8E02C258336E700E91FAB /* AppDelegate.swift in Sources */,
				04B8E02E258336E700E91FAB /* SceneDelegate.swift in Sources */,
			);
			runOnlyForDeploymentPostprocessing = 0;
		};
		04B8E03A258336EB00E91FAB /* Sources */ = {
			isa = PBXSourcesBuildPhase;
			buildActionMask = 2147483647;
			files = (
				04B8E043258336EB00E91FAB /* FieldValidatorsTests.swift in Sources */,
			);
			runOnlyForDeploymentPostprocessing = 0;
		};
		04B8E045258336EB00E91FAB /* Sources */ = {
			isa = PBXSourcesBuildPhase;
			buildActionMask = 2147483647;
			files = (
				04B8E04E258336EB00E91FAB /* FieldValidatorsUITests.swift in Sources */,
			);
			runOnlyForDeploymentPostprocessing = 0;
		};
/* End PBXSourcesBuildPhase section */

/* Begin PBXTargetDependency section */
		04B8E040258336EB00E91FAB /* PBXTargetDependency */ = {
			isa = PBXTargetDependency;
			target = 04B8E027258336E700E91FAB /* FieldValidators */;
			targetProxy = 04B8E03F258336EB00E91FAB /* PBXContainerItemProxy */;
		};
		04B8E04B258336EB00E91FAB /* PBXTargetDependency */ = {
			isa = PBXTargetDependency;
			target = 04B8E027258336E700E91FAB /* FieldValidators */;
			targetProxy = 04B8E04A258336EB00E91FAB /* PBXContainerItemProxy */;
		};
/* End PBXTargetDependency section */

/* Begin PBXVariantGroup section */
		04B8E031258336E700E91FAB /* Main.storyboard */ = {
			isa = PBXVariantGroup;
			children = (
				04B8E032258336E700E91FAB /* Base */,
			);
			name = Main.storyboard;
			sourceTree = "<group>";
		};
		04B8E036258336EB00E91FAB /* LaunchScreen.storyboard */ = {
			isa = PBXVariantGroup;
			children = (
				04B8E037258336EB00E91FAB /* Base */,
			);
			name = LaunchScreen.storyboard;
			sourceTree = "<group>";
		};
/* End PBXVariantGroup section */

/* Begin XCBuildConfiguration section */
		04B8E050258336EB00E91FAB /* Debug */ = {
			isa = XCBuildConfiguration;
			buildSettings = {
				ALWAYS_SEARCH_USER_PATHS = NO;
				CLANG_ANALYZER_NONNULL = YES;
				CLANG_ANALYZER_NUMBER_OBJECT_CONVERSION = YES_AGGRESSIVE;
				CLANG_CXX_LANGUAGE_STANDARD = "gnu++14";
				CLANG_CXX_LIBRARY = "libc++";
				CLANG_ENABLE_MODULES = YES;
				CLANG_ENABLE_OBJC_ARC = YES;
				CLANG_ENABLE_OBJC_WEAK = YES;
				CLANG_WARN_BLOCK_CAPTURE_AUTORELEASING = YES;
				CLANG_WARN_BOOL_CONVERSION = YES;
				CLANG_WARN_COMMA = YES;
				CLANG_WARN_CONSTANT_CONVERSION = YES;
				CLANG_WARN_DEPRECATED_OBJC_IMPLEMENTATIONS = YES;
				CLANG_WARN_DIRECT_OBJC_ISA_USAGE = YES_ERROR;
				CLANG_WARN_DOCUMENTATION_COMMENTS = YES;
				CLANG_WARN_EMPTY_BODY = YES;
				CLANG_WARN_ENUM_CONVERSION = YES;
				CLANG_WARN_INFINITE_RECURSION = YES;
				CLANG_WARN_INT_CONVERSION = YES;
				CLANG_WARN_NON_LITERAL_NULL_CONVERSION = YES;
				CLANG_WARN_OBJC_IMPLICIT_RETAIN_SELF = YES;
				CLANG_WARN_OBJC_LITERAL_CONVERSION = YES;
				CLANG_WARN_OBJC_ROOT_CLASS = YES_ERROR;
				CLANG_WARN_QUOTED_INCLUDE_IN_FRAMEWORK_HEADER = YES;
				CLANG_WARN_RANGE_LOOP_ANALYSIS = YES;
				CLANG_WARN_STRICT_PROTOTYPES = YES;
				CLANG_WARN_SUSPICIOUS_MOVE = YES;
				CLANG_WARN_UNGUARDED_AVAILABILITY = YES_AGGRESSIVE;
				CLANG_WARN_UNREACHABLE_CODE = YES;
				CLANG_WARN__DUPLICATE_METHOD_MATCH = YES;
				COPY_PHASE_STRIP = NO;
				DEBUG_INFORMATION_FORMAT = dwarf;
				ENABLE_STRICT_OBJC_MSGSEND = YES;
				ENABLE_TESTABILITY = YES;
				GCC_C_LANGUAGE_STANDARD = gnu11;
				GCC_DYNAMIC_NO_PIC = NO;
				GCC_NO_COMMON_BLOCKS = YES;
				GCC_OPTIMIZATION_LEVEL = 0;
				GCC_PREPROCESSOR_DEFINITIONS = (
					"DEBUG=1",
					"$(inherited)",
				);
				GCC_WARN_64_TO_32_BIT_CONVERSION = YES;
				GCC_WARN_ABOUT_RETURN_TYPE = YES_ERROR;
				GCC_WARN_UNDECLARED_SELECTOR = YES;
				GCC_WARN_UNINITIALIZED_AUTOS = YES_AGGRESSIVE;
				GCC_WARN_UNUSED_FUNCTION = YES;
				GCC_WARN_UNUSED_VARIABLE = YES;
				IPHONEOS_DEPLOYMENT_TARGET = 14.2;
				MTL_ENABLE_DEBUG_INFO = INCLUDE_SOURCE;
				MTL_FAST_MATH = YES;
				ONLY_ACTIVE_ARCH = YES;
				SDKROOT = iphoneos;
				SWIFT_ACTIVE_COMPILATION_CONDITIONS = DEBUG;
				SWIFT_OPTIMIZATION_LEVEL = "-Onone";
			};
			name = Debug;
		};
		04B8E051258336EB00E91FAB /* Release */ = {
			isa = XCBuildConfiguration;
			buildSettings = {
				ALWAYS_SEARCH_USER_PATHS = NO;
				CLANG_ANALYZER_NONNULL = YES;
				CLANG_ANALYZER_NUMBER_OBJECT_CONVERSION = YES_AGGRESSIVE;
				CLANG_CXX_LANGUAGE_STANDARD = "gnu++14";
				CLANG_CXX_LIBRARY = "libc++";
				CLANG_ENABLE_MODULES = YES;
				CLANG_ENABLE_OBJC_ARC = YES;
				CLANG_ENABLE_OBJC_WEAK = YES;
				CLANG_WARN_BLOCK_CAPTURE_AUTORELEASING = YES;
				CLANG_WARN_BOOL_CONVERSION = YES;
				CLANG_WARN_COMMA = YES;
				CLANG_WARN_CONSTANT_CONVERSION = YES;
				CLANG_WARN_DEPRECATED_OBJC_IMPLEMENTATIONS = YES;
				CLANG_WARN_DIRECT_OBJC_ISA_USAGE = YES_ERROR;
				CLANG_WARN_DOCUMENTATION_COMMENTS = YES;
				CLANG_WARN_EMPTY_BODY = YES;
				CLANG_WARN_ENUM_CONVERSION = YES;
				CLANG_WARN_INFINITE_RECURSION = YES;
				CLANG_WARN_INT_CONVERSION = YES;
				CLANG_WARN_NON_LITERAL_NULL_CONVERSION = YES;
				CLANG_WARN_OBJC_IMPLICIT_RETAIN_SELF = YES;
				CLANG_WARN_OBJC_LITERAL_CONVERSION = YES;
				CLANG_WARN_OBJC_ROOT_CLASS = YES_ERROR;
				CLANG_WARN_QUOTED_INCLUDE_IN_FRAMEWORK_HEADER = YES;
				CLANG_WARN_RANGE_LOOP_ANALYSIS = YES;
				CLANG_WARN_STRICT_PROTOTYPES = YES;
				CLANG_WARN_SUSPICIOUS_MOVE = YES;
				CLANG_WARN_UNGUARDED_AVAILABILITY = YES_AGGRESSIVE;
				CLANG_WARN_UNREACHABLE_CODE = YES;
				CLANG_WARN__DUPLICATE_METHOD_MATCH = YES;
				COPY_PHASE_STRIP = NO;
				DEBUG_INFORMATION_FORMAT = "dwarf-with-dsym";
				ENABLE_NS_ASSERTIONS = NO;
				ENABLE_STRICT_OBJC_MSGSEND = YES;
				GCC_C_LANGUAGE_STANDARD = gnu11;
				GCC_NO_COMMON_BLOCKS = YES;
				GCC_WARN_64_TO_32_BIT_CONVERSION = YES;
				GCC_WARN_ABOUT_RETURN_TYPE = YES_ERROR;
				GCC_WARN_UNDECLARED_SELECTOR = YES;
				GCC_WARN_UNINITIALIZED_AUTOS = YES_AGGRESSIVE;
				GCC_WARN_UNUSED_FUNCTION = YES;
				GCC_WARN_UNUSED_VARIABLE = YES;
				IPHONEOS_DEPLOYMENT_TARGET = 14.2;
				MTL_ENABLE_DEBUG_INFO = NO;
				MTL_FAST_MATH = YES;
				SDKROOT = iphoneos;
				SWIFT_COMPILATION_MODE = wholemodule;
				SWIFT_OPTIMIZATION_LEVEL = "-O";
				VALIDATE_PRODUCT = YES;
			};
			name = Release;
		};
		04B8E053258336EB00E91FAB /* Debug */ = {
			isa = XCBuildConfiguration;
			buildSettings = {
				ASSETCATALOG_COMPILER_APPICON_NAME = AppIcon;
				ASSETCATALOG_COMPILER_GLOBAL_ACCENT_COLOR_NAME = AccentColor;
				CODE_SIGN_STYLE = Automatic;
				INFOPLIST_FILE = FieldValidators/Info.plist;
				LD_RUNPATH_SEARCH_PATHS = (
					"$(inherited)",
					"@executable_path/Frameworks",
				);
				PRODUCT_BUNDLE_IDENTIFIER = com.sujal.fieldvalidator.FieldValidators;
				PRODUCT_NAME = "$(TARGET_NAME)";
				SWIFT_VERSION = 5.0;
				TARGETED_DEVICE_FAMILY = "1,2";
			};
			name = Debug;
		};
		04B8E054258336EB00E91FAB /* Release */ = {
			isa = XCBuildConfiguration;
			buildSettings = {
				ASSETCATALOG_COMPILER_APPICON_NAME = AppIcon;
				ASSETCATALOG_COMPILER_GLOBAL_ACCENT_COLOR_NAME = AccentColor;
				CODE_SIGN_STYLE = Automatic;
				INFOPLIST_FILE = FieldValidators/Info.plist;
				LD_RUNPATH_SEARCH_PATHS = (
					"$(inherited)",
					"@executable_path/Frameworks",
				);
				PRODUCT_BUNDLE_IDENTIFIER = com.sujal.fieldvalidator.FieldValidators;
				PRODUCT_NAME = "$(TARGET_NAME)";
				SWIFT_VERSION = 5.0;
				TARGETED_DEVICE_FAMILY = "1,2";
			};
			name = Release;
		};
		04B8E056258336EB00E91FAB /* Debug */ = {
			isa = XCBuildConfiguration;
			buildSettings = {
				ALWAYS_EMBED_SWIFT_STANDARD_LIBRARIES = YES;
				BUNDLE_LOADER = "$(TEST_HOST)";
				CODE_SIGN_STYLE = Automatic;
				INFOPLIST_FILE = FieldValidatorsTests/Info.plist;
				IPHONEOS_DEPLOYMENT_TARGET = 14.2;
				LD_RUNPATH_SEARCH_PATHS = (
					"$(inherited)",
					"@executable_path/Frameworks",
					"@loader_path/Frameworks",
				);
				PRODUCT_BUNDLE_IDENTIFIER = com.sujal.fieldvalidator.FieldValidatorsTests;
				PRODUCT_NAME = "$(TARGET_NAME)";
				SWIFT_VERSION = 5.0;
				TARGETED_DEVICE_FAMILY = "1,2";
				TEST_HOST = "$(BUILT_PRODUCTS_DIR)/FieldValidators.app/FieldValidators";
			};
			name = Debug;
		};
		04B8E057258336EB00E91FAB /* Release */ = {
			isa = XCBuildConfiguration;
			buildSettings = {
				ALWAYS_EMBED_SWIFT_STANDARD_LIBRARIES = YES;
				BUNDLE_LOADER = "$(TEST_HOST)";
				CODE_SIGN_STYLE = Automatic;
				INFOPLIST_FILE = FieldValidatorsTests/Info.plist;
				IPHONEOS_DEPLOYMENT_TARGET = 14.2;
				LD_RUNPATH_SEARCH_PATHS = (
					"$(inherited)",
					"@executable_path/Frameworks",
					"@loader_path/Frameworks",
				);
				PRODUCT_BUNDLE_IDENTIFIER = com.sujal.fieldvalidator.FieldValidatorsTests;
				PRODUCT_NAME = "$(TARGET_NAME)";
				SWIFT_VERSION = 5.0;
				TARGETED_DEVICE_FAMILY = "1,2";
				TEST_HOST = "$(BUILT_PRODUCTS_DIR)/FieldValidators.app/FieldValidators";
			};
			name = Release;
		};
		04B8E059258336EB00E91FAB /* Debug */ = {
			isa = XCBuildConfiguration;
			buildSettings = {
				ALWAYS_EMBED_SWIFT_STANDARD_LIBRARIES = YES;
				CODE_SIGN_STYLE = Automatic;
				INFOPLIST_FILE = FieldValidatorsUITests/Info.plist;
				LD_RUNPATH_SEARCH_PATHS = (
					"$(inherited)",
					"@executable_path/Frameworks",
					"@loader_path/Frameworks",
				);
				PRODUCT_BUNDLE_IDENTIFIER = com.sujal.fieldvalidator.FieldValidatorsUITests;
				PRODUCT_NAME = "$(TARGET_NAME)";
				SWIFT_VERSION = 5.0;
				TARGETED_DEVICE_FAMILY = "1,2";
				TEST_TARGET_NAME = FieldValidators;
			};
			name = Debug;
		};
		04B8E05A258336EB00E91FAB /* Release */ = {
			isa = XCBuildConfiguration;
			buildSettings = {
				ALWAYS_EMBED_SWIFT_STANDARD_LIBRARIES = YES;
				CODE_SIGN_STYLE = Automatic;
				INFOPLIST_FILE = FieldValidatorsUITests/Info.plist;
				LD_RUNPATH_SEARCH_PATHS = (
					"$(inherited)",
					"@executable_path/Frameworks",
					"@loader_path/Frameworks",
				);
				PRODUCT_BUNDLE_IDENTIFIER = com.sujal.fieldvalidator.FieldValidatorsUITests;
				PRODUCT_NAME = "$(TARGET_NAME)";
				SWIFT_VERSION = 5.0;
				TARGETED_DEVICE_FAMILY = "1,2";
				TEST_TARGET_NAME = FieldValidators;
			};
			name = Release;
		};
/* End XCBuildConfiguration section */

/* Begin XCConfigurationList section */
		04B8E023258336E700E91FAB /* Build configuration list for PBXProject "FieldValidators" */ = {
			isa = XCConfigurationList;
			buildConfigurations = (
				04B8E050258336EB00E91FAB /* Debug */,
				04B8E051258336EB00E91FAB /* Release */,
			);
			defaultConfigurationIsVisible = 0;
			defaultConfigurationName = Release;
		};
		04B8E052258336EB00E91FAB /* Build configuration list for PBXNativeTarget "FieldValidators" */ = {
			isa = XCConfigurationList;
			buildConfigurations = (
				04B8E053258336EB00E91FAB /* Debug */,
				04B8E054258336EB00E91FAB /* Release */,
			);
			defaultConfigurationIsVisible = 0;
			defaultConfigurationName = Release;
		};
		04B8E055258336EB00E91FAB /* Build configuration list for PBXNativeTarget "FieldValidatorsTests" */ = {
			isa = XCConfigurationList;
			buildConfigurations = (
				04B8E056258336EB00E91FAB /* Debug */,
				04B8E057258336EB00E91FAB /* Release */,
			);
			defaultConfigurationIsVisible = 0;
			defaultConfigurationName = Release;
		};
		04B8E058258336EB00E91FAB /* Build configuration list for PBXNativeTarget "FieldValidatorsUITests" */ = {
			isa = XCConfigurationList;
			buildConfigurations = (
				04B8E059258336EB00E91FAB /* Debug */,
				04B8E05A258336EB00E91FAB /* Release */,
			);
			defaultConfigurationIsVisible = 0;
			defaultConfigurationName = Release;
		};
/* End XCConfigurationList section */
	};
	rootObject = 04B8E020258336E700E91FAB /* Project object */;
}
